
Microsoft Visual Studio Solution File, Format Version 12.00
# Visual Studio 15
Project("{FAE04EC0-301F-11D3-BF4B-00C04F79EFBC}") = "test", "test.csproj", "{E11532E2-9935-4227-B04D-92D154D30042}"
EndProject
Global
	GlobalSection(SolutionConfigurationPlatforms) = preSolution
		Debug|Any CPU = Debug|Any CPU
		Release|Any CPU = Release|Any CPU
	EndGlobalSection
	GlobalSection(ProjectConfigurationPlatforms) = postSolution
		{E11532E2-9935-4227-B04D-92D154D30042}.Debug|Any CPU.ActiveCfg = Debug|Any CPU
		{E11532E2-9935-4227-B04D-92D154D30042}.Debug|Any CPU.Build.0 = Debug|Any CPU
		{E11532E2-9935-4227-B04D-92D154D30042}.Release|Any CPU.ActiveCfg = Release|Any CPU
		{E11532E2-9935-4227-B04D-92D154D30042}.Release|Any CPU.Build.0 = Release|Any CPU
	EndGlobalSection
EndGlobal
